// !$*UTF8*$!
{
	archiveVersion = 1;
	classes = {
	};
	objectVersion = 46;
	objects = {

/* Begin PBXBuildFile section */
		627604B51CCBC13900D741AE /* main.m in Sources */ = {isa = PBXBuildFile; fileRef = 627604B41CCBC13900D741AE /* main.m */; };
		627604B81CCBC13900D741AE /* AppDelegate.m in Sources */ = {isa = PBXBuildFile; fileRef = 627604B71CCBC13900D741AE /* AppDelegate.m */; };
		627604BE1CCBC13900D741AE /* Main.storyboard in Resources */ = {isa = PBXBuildFile; fileRef = 627604BC1CCBC13900D741AE /* Main.storyboard */; };
		627604C01CCBC13900D741AE /* Assets.xcassets in Resources */ = {isa = PBXBuildFile; fileRef = 627604BF1CCBC13900D741AE /* Assets.xcassets */; };
		627604C31CCBC13900D741AE /* LaunchScreen.storyboard in Resources */ = {isa = PBXBuildFile; fileRef = 627604C11CCBC13900D741AE /* LaunchScreen.storyboard */; };
		627604CC1CCBC14F00D741AE /* HYView.m in Sources */ = {isa = PBXBuildFile; fileRef = 627604CB1CCBC14F00D741AE /* HYView.m */; };
		62C758741D19ACE300483D3A /* 1.jpg in Resources */ = {isa = PBXBuildFile; fileRef = 62C758701D19ACE300483D3A /* 1.jpg */; };
		62C758751D19ACE300483D3A /* fgjx.png in Resources */ = {isa = PBXBuildFile; fileRef = 62C758711D19ACE300483D3A /* fgjx.png */; };
		62C758761D19ACE300483D3A /* mdh.jpg in Resources */ = {isa = PBXBuildFile; fileRef = 62C758721D19ACE300483D3A /* mdh.jpg */; };
		62C758771D19ACE300483D3A /* rect.jpg in Resources */ = {isa = PBXBuildFile; fileRef = 62C758731D19ACE300483D3A /* rect.jpg */; };
		62C7587A1D19AFDF00483D3A /* MainViewController.m in Sources */ = {isa = PBXBuildFile; fileRef = 62C758791D19AFDF00483D3A /* MainViewController.m */; };
		62C7587D1D19B08100483D3A /* MainCollectionViewCell.m in Sources */ = {isa = PBXBuildFile; fileRef = 62C7587C1D19B08100483D3A /* MainCollectionViewCell.m */; };
		62C758801D19B58D00483D3A /* PaintViewController.m in Sources */ = {isa = PBXBuildFile; fileRef = 62C7587F1D19B58D00483D3A /* PaintViewController.m */; };
/* End PBXBuildFile section */

/* Begin PBXFileReference section */
		627604B01CCBC13900D741AE /* mmhy.app */ = {isa = PBXFileReference; explicitFileType = wrapper.application; includeInIndex = 0; path = mmhy.app; sourceTree = BUILT_PRODUCTS_DIR; };
		627604B41CCBC13900D741AE /* main.m */ = {isa = PBXFileReference; lastKnownFileType = sourcecode.c.objc; path = main.m; sourceTree = "<group>"; };
		627604B61CCBC13900D741AE /* AppDelegate.h */ = {isa = PBXFileReference; lastKnownFileType = sourcecode.c.h; path = AppDelegate.h; sourceTree = "<group>"; };
		627604B71CCBC13900D741AE /* AppDelegate.m */ = {isa = PBXFileReference; lastKnownFileType = sourcecode.c.objc; path = AppDelegate.m; sourceTree = "<group>"; };
		627604BD1CCBC13900D741AE /* Base */ = {isa = PBXFileReference; lastKnownFileType = file.storyboard; name = Base; path = Base.lproj/Main.storyboard; sourceTree = "<group>"; };
		627604BF1CCBC13900D741AE /* Assets.xcassets */ = {isa = PBXFileReference; lastKnownFileType = folder.assetcatalog; path = Assets.xcassets; sourceTree = "<group>"; };
		627604C21CCBC13900D741AE /* Base */ = {isa = PBXFileReference; lastKnownFileType = file.storyboard; name = Base; path = Base.lproj/LaunchScreen.storyboard; sourceTree = "<group>"; };
		627604C41CCBC13900D741AE /* Info.plist */ = {isa = PBXFileReference; lastKnownFileType = text.plist.xml; path = Info.plist; sourceTree = "<group>"; };
		627604CA1CCBC14F00D741AE /* HYView.h */ = {isa = PBXFileReference; fileEncoding = 4; lastKnownFileType = sourcecode.c.h; path = HYView.h; sourceTree = "<group>"; };
		627604CB1CCBC14F00D741AE /* HYView.m */ = {isa = PBXFileReference; fileEncoding = 4; lastKnownFileType = sourcecode.c.objc; path = HYView.m; sourceTree = "<group>"; };
		62C758701D19ACE300483D3A /* 1.jpg */ = {isa = PBXFileReference; lastKnownFileType = image.jpeg; path = 1.jpg; sourceTree = "<group>"; };
		62C758711D19ACE300483D3A /* fgjx.png */ = {isa = PBXFileReference; lastKnownFileType = image.png; path = fgjx.png; sourceTree = "<group>"; };
		62C758721D19ACE300483D3A /* mdh.jpg */ = {isa = PBXFileReference; lastKnownFileType = image.jpeg; path = mdh.jpg; sourceTree = "<group>"; };
		62C758731D19ACE300483D3A /* rect.jpg */ = {isa = PBXFileReference; lastKnownFileType = image.jpeg; path = rect.jpg; sourceTree = "<group>"; };
		62C758781D19AFDF00483D3A /* MainViewController.h */ = {isa = PBXFileReference; fileEncoding = 4; lastKnownFileType = sourcecode.c.h; path = MainViewController.h; sourceTree = "<group>"; };
		62C758791D19AFDF00483D3A /* MainViewController.m */ = {isa = PBXFileReference; fileEncoding = 4; lastKnownFileType = sourcecode.c.objc; path = MainViewController.m; sourceTree = "<group>"; };
		62C7587B1D19B08100483D3A /* MainCollectionViewCell.h */ = {isa = PBXFileReference; fileEncoding = 4; lastKnownFileType = sourcecode.c.h; path = MainCollectionViewCell.h; sourceTree = "<group>"; };
		62C7587C1D19B08100483D3A /* MainCollectionViewCell.m */ = {isa = PBXFileReference; fileEncoding = 4; lastKnownFileType = sourcecode.c.objc; path = MainCollectionViewCell.m; sourceTree = "<group>"; };
		62C7587E1D19B58D00483D3A /* PaintViewController.h */ = {isa = PBXFileReference; fileEncoding = 4; lastKnownFileType = sourcecode.c.h; path = PaintViewController.h; sourceTree = "<group>"; };
		62C7587F1D19B58D00483D3A /* PaintViewController.m */ = {isa = PBXFileReference; fileEncoding = 4; lastKnownFileType = sourcecode.c.objc; path = PaintViewController.m; sourceTree = "<group>"; };
/* End PBXFileReference section */

/* Begin PBXFrameworksBuildPhase section */
		627604AD1CCBC13900D741AE /* Frameworks */ = {
			isa = PBXFrameworksBuildPhase;
			buildActionMask = 2147483647;
			files = (
			);
			runOnlyForDeploymentPostprocessing = 0;
		};
/* End PBXFrameworksBuildPhase section */

/* Begin PBXGroup section */
		627604A71CCBC13900D741AE = {
			isa = PBXGroup;
			children = (
				627604B21CCBC13900D741AE /* mmhy */,
				627604B11CCBC13900D741AE /* Products */,
			);
			sourceTree = "<group>";
		};
		627604B11CCBC13900D741AE /* Products */ = {
			isa = PBXGroup;
			children = (
				627604B01CCBC13900D741AE /* mmhy.app */,
			);
			name = Products;
			sourceTree = "<group>";
		};
		627604B21CCBC13900D741AE /* mmhy */ = {
			isa = PBXGroup;
			children = (
				627604CA1CCBC14F00D741AE /* HYView.h */,
				627604CB1CCBC14F00D741AE /* HYView.m */,
				627604B61CCBC13900D741AE /* AppDelegate.h */,
				627604B71CCBC13900D741AE /* AppDelegate.m */,
				62C758781D19AFDF00483D3A /* MainViewController.h */,
				62C758791D19AFDF00483D3A /* MainViewController.m */,
				62C7587B1D19B08100483D3A /* MainCollectionViewCell.h */,
				62C7587C1D19B08100483D3A /* MainCollectionViewCell.m */,
				62C7587E1D19B58D00483D3A /* PaintViewController.h */,
				62C7587F1D19B58D00483D3A /* PaintViewController.m */,
				627604BC1CCBC13900D741AE /* Main.storyboard */,
				627604BF1CCBC13900D741AE /* Assets.xcassets */,
				627604C11CCBC13900D741AE /* LaunchScreen.storyboard */,
				627604C41CCBC13900D741AE /* Info.plist */,
				627604B31CCBC13900D741AE /* Supporting Files */,
			);
			path = mmhy;
			sourceTree = "<group>";
		};
		627604B31CCBC13900D741AE /* Supporting Files */ = {
			isa = PBXGroup;
			children = (
				62C758701D19ACE300483D3A /* 1.jpg */,
				62C758711D19ACE300483D3A /* fgjx.png */,
				62C758721D19ACE300483D3A /* mdh.jpg */,
				62C758731D19ACE300483D3A /* rect.jpg */,
				627604B41CCBC13900D741AE /* main.m */,
			);
			name = "Supporting Files";
			sourceTree = "<group>";
		};
/* End PBXGroup section */

/* Begin PBXNativeTarget section */
		627604AF1CCBC13900D741AE /* mmhy */ = {
			isa = PBXNativeTarget;
			buildConfigurationList = 627604C71CCBC13900D741AE /* Build configuration list for PBXNativeTarget "mmhy" */;
			buildPhases = (
				627604AC1CCBC13900D741AE /* Sources */,
				627604AD1CCBC13900D741AE /* Frameworks */,
				627604AE1CCBC13900D741AE /* Resources */,
			);
			buildRules = (
			);
			dependencies = (
			);
			name = mmhy;
			productName = mmhy;
			productReference = 627604B01CCBC13900D741AE /* mmhy.app */;
			productType = "com.apple.product-type.application";
		};
/* End PBXNativeTarget section */

/* Begin PBXProject section */
		627604A81CCBC13900D741AE /* Project object */ = {
			isa = PBXProject;
			attributes = {
				LastUpgradeCheck = 0730;
				ORGANIZATIONNAME = micker;
				TargetAttributes = {
					627604AF1CCBC13900D741AE = {
						CreatedOnToolsVersion = 7.3;
					};
				};
			};
			buildConfigurationList = 627604AB1CCBC13900D741AE /* Build configuration list for PBXProject "mmhy" */;
			compatibilityVersion = "Xcode 3.2";
			developmentRegion = English;
			hasScannedForEncodings = 0;
			knownRegions = (
				en,
				Base,
			);
			mainGroup = 627604A71CCBC13900D741AE;
			productRefGroup = 627604B11CCBC13900D741AE /* Products */;
			projectDirPath = "";
			projectRoot = "";
			targets = (
				627604AF1CCBC13900D741AE /* mmhy */,
			);
		};
/* End PBXProject section */

/* Begin PBXResourcesBuildPhase section */
		627604AE1CCBC13900D741AE /* Resources */ = {
			isa = PBXResourcesBuildPhase;
			buildActionMask = 2147483647;
			files = (
				627604C31CCBC13900D741AE /* LaunchScreen.storyboard in Resources */,
				62C758751D19ACE300483D3A /* fgjx.png in Resources */,
				62C758741D19ACE300483D3A /* 1.jpg in Resources */,
				62C758761D19ACE300483D3A /* mdh.jpg in Resources */,
				627604C01CCBC13900D741AE /* Assets.xcassets in Resources */,
				62C758771D19ACE300483D3A /* rect.jpg in Resources */,
				627604BE1CCBC13900D741AE /* Main.storyboard in Resources */,
			);
			runOnlyForDeploymentPostprocessing = 0;
		};
/* End PBXResourcesBuildPhase section */

/* Begin PBXSourcesBuildPhase section */
		627604AC1CCBC13900D741AE /* Sources */ = {
			isa = PBXSourcesBuildPhase;
			buildActionMask = 2147483647;
			files = (
				62C7587A1D19AFDF00483D3A /* MainViewController.m in Sources */,
				627604B81CCBC13900D741AE /* AppDelegate.m in Sources */,
				62C758801D19B58D00483D3A /* PaintViewController.m in Sources */,
				627604B51CCBC13900D741AE /* main.m in Sources */,
				62C7587D1D19B08100483D3A /* MainCollectionViewCell.m in Sources */,
				627604CC1CCBC14F00D741AE /* HYView.m in Sources */,
			);
			runOnlyForDeploymentPostprocessing = 0;
		};
/* End PBXSourcesBuildPhase section */

/* Begin PBXVariantGroup section */
		627604BC1CCBC13900D741AE /* Main.storyboard */ = {
			isa = PBXVariantGroup;
			children = (
				627604BD1CCBC13900D741AE /* Base */,
			);
			name = Main.storyboard;
			sourceTree = "<group>";
		};
		627604C11CCBC13900D741AE /* LaunchScreen.storyboard */ = {
			isa = PBXVariantGroup;
			children = (
				627604C21CCBC13900D741AE /* Base */,
			);
			name = LaunchScreen.storyboard;
			sourceTree = "<group>";
		};
/* End PBXVariantGroup section */

/* Begin XCBuildConfiguration section */
		627604C51CCBC13900D741AE /* Debug */ = {
			isa = XCBuildConfiguration;
			buildSettings = {
				ALWAYS_SEARCH_USER_PATHS = NO;
				CLANG_ANALYZER_NONNULL = YES;
				CLANG_CXX_LANGUAGE_STANDARD = "gnu++0x";
				CLANG_CXX_LIBRARY = "libc++";
				CLANG_ENABLE_MODULES = YES;
				CLANG_ENABLE_OBJC_ARC = YES;
				CLANG_WARN_BOOL_CONVERSION = YES;
				CLANG_WARN_CONSTANT_CONVERSION = YES;
				CLANG_WARN_DIRECT_OBJC_ISA_USAGE = YES_ERROR;
				CLANG_WARN_EMPTY_BODY = YES;
				CLANG_WARN_ENUM_CONVERSION = YES;
				CLANG_WARN_INT_CONVERSION = YES;
				CLANG_WARN_OBJC_ROOT_CLASS = YES_ERROR;
				CLANG_WARN_UNREACHABLE_CODE = YES;
				CLANG_WARN__DUPLICATE_METHOD_MATCH = YES;
				"CODE_SIGN_IDENTITY[sdk=iphoneos*]" = "iPhone Developer";
				COPY_PHASE_STRIP = NO;
				DEBUG_INFORMATION_FORMAT = dwarf;
				ENABLE_STRICT_OBJC_MSGSEND = YES;
				ENABLE_TESTABILITY = YES;
				GCC_C_LANGUAGE_STANDARD = gnu99;
				GCC_DYNAMIC_NO_PIC = NO;
				GCC_NO_COMMON_BLOCKS = YES;
				GCC_OPTIMIZATION_LEVEL = 0;
				GCC_PREPROCESSOR_DEFINITIONS = (
					"DEBUG=1",
					"$(inherited)",
				);
				GCC_WARN_64_TO_32_BIT_CONVERSION = YES;
				GCC_WARN_ABOUT_RETURN_TYPE = YES_ERROR;
				GCC_WARN_UNDECLARED_SELECTOR = YES;
				GCC_WARN_UNINITIALIZED_AUTOS = YES_AGGRESSIVE;
				GCC_WARN_UNUSED_FUNCTION = YES;
				GCC_WARN_UNUSED_VARIABLE = YES;
				IPHONEOS_DEPLOYMENT_TARGET = 9.3;
				MTL_ENABLE_DEBUG_INFO = YES;
				ONLY_ACTIVE_ARCH = YES;
				SDKROOT = iphoneos;
				TARGETED_DEVICE_FAMILY = "1,2";
			};
			name = Debug;
		};
		627604C61CCBC13900D741AE /* Release */ = {
			isa = XCBuildConfiguration;
			buildSettings = {
				ALWAYS_SEARCH_USER_PATHS = NO;
				CLANG_ANALYZER_NONNULL = YES;
				CLANG_CXX_LANGUAGE_STANDARD = "gnu++0x";
				CLANG_CXX_LIBRARY = "libc++";
				CLANG_ENABLE_MODULES = YES;
				CLANG_ENABLE_OBJC_ARC = YES;
				CLANG_WARN_BOOL_CONVERSION = YES;
				CLANG_WARN_CONSTANT_CONVERSION = YES;
				CLANG_WARN_DIRECT_OBJC_ISA_USAGE = YES_ERROR;
				CLANG_WARN_EMPTY_BODY = YES;
				CLANG_WARN_ENUM_CONVERSION = YES;
				CLANG_WARN_INT_CONVERSION = YES;
				CLANG_WARN_OBJC_ROOT_CLASS = YES_ERROR;
				CLANG_WARN_UNREACHABLE_CODE = YES;
				CLANG_WARN__DUPLICATE_METHOD_MATCH = YES;
				"CODE_SIGN_IDENTITY[sdk=iphoneos*]" = "iPhone Developer";
				COPY_PHASE_STRIP = NO;
				DEBUG_INFORMATION_FORMAT = "dwarf-with-dsym";
				ENABLE_NS_ASSERTIONS = NO;
				ENABLE_STRICT_OBJC_MSGSEND = YES;
				GCC_C_LANGUAGE_STANDARD = gnu99;
				GCC_NO_COMMON_BLOCKS = YES;
				GCC_WARN_64_TO_32_BIT_CONVERSION = YES;
				GCC_WARN_ABOUT_RETURN_TYPE = YES_ERROR;
				GCC_WARN_UNDECLARED_SELECTOR = YES;
				GCC_WARN_UNINITIALIZED_AUTOS = YES_AGGRESSIVE;
				GCC_WARN_UNUSED_FUNCTION = YES;
				GCC_WARN_UNUSED_VARIABLE = YES;
				IPHONEOS_DEPLOYMENT_TARGET = 9.3;
				MTL_ENABLE_DEBUG_INFO = NO;
				SDKROOT = iphoneos;
				TARGETED_DEVICE_FAMILY = "1,2";
				VALIDATE_PRODUCT = YES;
			};
			name = Release;
		};
		627604C81CCBC13900D741AE /* Debug */ = {
			isa = XCBuildConfiguration;
			buildSettings = {
				ASSETCATALOG_COMPILER_APPICON_NAME = AppIcon;
				INFOPLIST_FILE = mmhy/Info.plist;
				LD_RUNPATH_SEARCH_PATHS = "$(inherited) @executable_path/Frameworks";
				PRODUCT_BUNDLE_IDENTIFIER = cn.micker.mmhy;
				PRODUCT_NAME = "$(TARGET_NAME)";
			};
			name = Debug;
		};
		627604C91CCBC13900D741AE /* Release */ = {
			isa = XCBuildConfiguration;
			buildSettings = {
				ASSETCATALOG_COMPILER_APPICON_NAME = AppIcon;
				INFOPLIST_FILE = mmhy/Info.plist;
				LD_RUNPATH_SEARCH_PATHS = "$(inherited) @executable_path/Frameworks";
				PRODUCT_BUNDLE_IDENTIFIER = cn.micker.mmhy;
				PRODUCT_NAME = "$(TARGET_NAME)";
			};
			name = Release;
		};
/* End XCBuildConfiguration section */

/* Begin XCConfigurationList section */
		627604AB1CCBC13900D741AE /* Build configuration list for PBXProject "mmhy" */ = {
			isa = XCConfigurationList;
			buildConfigurations = (
				627604C51CCBC13900D741AE /* Debug */,
				627604C61CCBC13900D741AE /* Release */,
			);
			defaultConfigurationIsVisible = 0;
			defaultConfigurationName = Release;
		};
		627604C71CCBC13900D741AE /* Build configuration list for PBXNativeTarget "mmhy" */ = {
			isa = XCConfigurationList;
			buildConfigurations = (
				627604C81CCBC13900D741AE /* Debug */,
				627604C91CCBC13900D741AE /* Release */,
			);
			defaultConfigurationIsVisible = 0;
			defaultConfigurationName = Release;
		};
/* End XCConfigurationList section */
	};
	rootObject = 627604A81CCBC13900D741AE /* Project object */;
}
